
Microsoft Visual Studio Solution File, Format Version 12.00
# Visual Studio Version 16
VisualStudioVersion = 16.0.33130.400
MinimumVisualStudioVersion = 10.0.40219.1
Project("{FAE04EC0-301F-11D3-BF4B-00C04F79EFBC}") = "klimov_lab1", "klimov_lab1\klimov_lab1.csproj", "{DF095540-E9A0-41D9-BD2C-63220E5A5274}"
EndProject
Global
	GlobalSection(SolutionConfigurationPlatforms) = preSolution
		Debug|Any CPU = Debug|Any CPU
		Release|Any CPU = Release|Any CPU
	EndGlobalSection
	GlobalSection(ProjectConfigurationPlatforms) = postSolution
		{DF095540-E9A0-41D9-BD2C-63220E5A5274}.Debug|Any CPU.ActiveCfg = Debug|Any CPU
		{DF095540-E9A0-41D9-BD2C-63220E5A5274}.Debug|Any CPU.Build.0 = Debug|Any CPU
		{DF095540-E9A0-41D9-BD2C-63220E5A5274}.Release|Any CPU.ActiveCfg = Release|Any CPU
		{DF095540-E9A0-41D9-BD2C-63220E5A5274}.Release|Any CPU.Build.0 = Release|Any CPU
	EndGlobalSection
	GlobalSection(SolutionProperties) = preSolution
		HideSolutionNode = FALSE
	EndGlobalSection
	GlobalSection(ExtensibilityGlobals) = postSolution
		SolutionGuid = {7F8CC743-47FE-4915-AB70-07AFE4A11F98}
	EndGlobalSection
EndGlobal
